
Microsoft Visual Studio Solution File, Format Version 12.00
# Visual Studio 15
VisualStudioVersion = 15.0.28307.572
MinimumVisualStudioVersion = 10.0.40219.1
Project("{FAE04EC0-301F-11D3-BF4B-00C04F79EFBC}") = "Socorro", "Socorro\Socorro.csproj", "{43D9B246-490F-4AB8-815F-793B5089CAF2}"
EndProject
Global
	GlobalSection(SolutionConfigurationPlatforms) = preSolution
		Debug|Any CPU = Debug|Any CPU
		Release|Any CPU = Release|Any CPU
	EndGlobalSection
	GlobalSection(ProjectConfigurationPlatforms) = postSolution
		{43D9B246-490F-4AB8-815F-793B5089CAF2}.Debug|Any CPU.ActiveCfg = Debug|Any CPU
		{43D9B246-490F-4AB8-815F-793B5089CAF2}.Debug|Any CPU.Build.0 = Debug|Any CPU
		{43D9B246-490F-4AB8-815F-793B5089CAF2}.Release|Any CPU.ActiveCfg = Release|Any CPU
		{43D9B246-490F-4AB8-815F-793B5089CAF2}.Release|Any CPU.Build.0 = Release|Any CPU
	EndGlobalSection
	GlobalSection(SolutionProperties) = preSolution
		HideSolutionNode = FALSE
	EndGlobalSection
	GlobalSection(ExtensibilityGlobals) = postSolution
		SolutionGuid = {EAEE648F-56BB-454A-8876-50D1E7AB06FA}
	EndGlobalSection
EndGlobal
